// !$*UTF8*$!
{
	archiveVersion = 1;
	classes = {
	};
	objectVersion = 46;
	objects = {

/* Begin PBXBuildFile section */
		0399F54E17DADDE4006CB8E9 /* UIKit.framework in Frameworks */ = {isa = PBXBuildFile; fileRef = 0399F54D17DADDE4006CB8E9 /* UIKit.framework */; };
		0399F55017DADDE4006CB8E9 /* Foundation.framework in Frameworks */ = {isa = PBXBuildFile; fileRef = 0399F54F17DADDE4006CB8E9 /* Foundation.framework */; };
		0399F55217DADDE4006CB8E9 /* CoreGraphics.framework in Frameworks */ = {isa = PBXBuildFile; fileRef = 0399F55117DADDE4006CB8E9 /* CoreGraphics.framework */; };
		0399F55817DADDE4006CB8E9 /* InfoPlist.strings in Resources */ = {isa = PBXBuildFile; fileRef = 0399F55617DADDE4006CB8E9 /* InfoPlist.strings */; };
		0399F55A17DADDE4006CB8E9 /* main.m in Sources */ = {isa = PBXBuildFile; fileRef = 0399F55917DADDE4006CB8E9 /* main.m */; };
		0399F55E17DADDE4006CB8E9 /* BMAppDelegate.m in Sources */ = {isa = PBXBuildFile; fileRef = 0399F55D17DADDE4006CB8E9 /* BMAppDelegate.m */; };
		0399F56017DADDE4006CB8E9 /* Default.png in Resources */ = {isa = PBXBuildFile; fileRef = 0399F55F17DADDE4006CB8E9 /* Default.png */; };
		0399F56217DADDE4006CB8E9 /* Default@2x.png in Resources */ = {isa = PBXBuildFile; fileRef = 0399F56117DADDE4006CB8E9 /* Default@2x.png */; };
		0399F56417DADDE4006CB8E9 /* Default-568h@2x.png in Resources */ = {isa = PBXBuildFile; fileRef = 0399F56317DADDE4006CB8E9 /* Default-568h@2x.png */; };
		0399F56717DADDE4006CB8E9 /* MainStoryboard.storyboard in Resources */ = {isa = PBXBuildFile; fileRef = 0399F56517DADDE4006CB8E9 /* MainStoryboard.storyboard */; };
		0399F56A17DADDE4006CB8E9 /* BMViewController.m in Sources */ = {isa = PBXBuildFile; fileRef = 0399F56917DADDE4006CB8E9 /* BMViewController.m */; };
		0399F57117DADDEF006CB8E9 /* Firebase.framework in Frameworks */ = {isa = PBXBuildFile; fileRef = 0399F57017DADDEF006CB8E9 /* Firebase.framework */; };
		0399F57517DADE96006CB8E9 /* BMLoginViewController.m in Sources */ = {isa = PBXBuildFile; fileRef = 0399F57417DADE96006CB8E9 /* BMLoginViewController.m */; };
		0399F57717DADF0B006CB8E9 /* libicucore.dylib in Frameworks */ = {isa = PBXBuildFile; fileRef = 0399F57617DADF0B006CB8E9 /* libicucore.dylib */; };
		0399F57917DADF12006CB8E9 /* CFNetwork.framework in Frameworks */ = {isa = PBXBuildFile; fileRef = 0399F57817DADF12006CB8E9 /* CFNetwork.framework */; };
		0399F57B17DADF16006CB8E9 /* Security.framework in Frameworks */ = {isa = PBXBuildFile; fileRef = 0399F57A17DADF16006CB8E9 /* Security.framework */; };
		0399F57F17DAE0C6006CB8E9 /* BMSignUpViewController.m in Sources */ = {isa = PBXBuildFile; fileRef = 0399F57E17DAE0C6006CB8E9 /* BMSignUpViewController.m */; };
		0399F58117DAE272006CB8E9 /* FirebaseSimpleLogin.framework in Frameworks */ = {isa = PBXBuildFile; fileRef = 0399F58017DAE272006CB8E9 /* FirebaseSimpleLogin.framework */; };
		0399F58317DAE27B006CB8E9 /* Social.framework in Frameworks */ = {isa = PBXBuildFile; fileRef = 0399F58217DAE27B006CB8E9 /* Social.framework */; };
		0399F58517DAE281006CB8E9 /* Accounts.framework in Frameworks */ = {isa = PBXBuildFile; fileRef = 0399F58417DAE281006CB8E9 /* Accounts.framework */; };
		0399F58917DAE43D006CB8E9 /* BMMainViewController.m in Sources */ = {isa = PBXBuildFile; fileRef = 0399F58817DAE43D006CB8E9 /* BMMainViewController.m */; };
/* End PBXBuildFile section */

/* Begin PBXFileReference section */
		0399F54A17DADDE4006CB8E9 /* BitMe.app */ = {isa = PBXFileReference; explicitFileType = wrapper.application; includeInIndex = 0; path = BitMe.app; sourceTree = BUILT_PRODUCTS_DIR; };
		0399F54D17DADDE4006CB8E9 /* UIKit.framework */ = {isa = PBXFileReference; lastKnownFileType = wrapper.framework; name = UIKit.framework; path = System/Library/Frameworks/UIKit.framework; sourceTree = SDKROOT; };
		0399F54F17DADDE4006CB8E9 /* Foundation.framework */ = {isa = PBXFileReference; lastKnownFileType = wrapper.framework; name = Foundation.framework; path = System/Library/Frameworks/Foundation.framework; sourceTree = SDKROOT; };
		0399F55117DADDE4006CB8E9 /* CoreGraphics.framework */ = {isa = PBXFileReference; lastKnownFileType = wrapper.framework; name = CoreGraphics.framework; path = System/Library/Frameworks/CoreGraphics.framework; sourceTree = SDKROOT; };
		0399F55517DADDE4006CB8E9 /* BitMe-Info.plist */ = {isa = PBXFileReference; lastKnownFileType = text.plist.xml; path = "BitMe-Info.plist"; sourceTree = "<group>"; };
		0399F55717DADDE4006CB8E9 /* en */ = {isa = PBXFileReference; lastKnownFileType = text.plist.strings; name = en; path = en.lproj/InfoPlist.strings; sourceTree = "<group>"; };
		0399F55917DADDE4006CB8E9 /* main.m */ = {isa = PBXFileReference; lastKnownFileType = sourcecode.c.objc; path = main.m; sourceTree = "<group>"; };
		0399F55B17DADDE4006CB8E9 /* BitMe-Prefix.pch */ = {isa = PBXFileReference; lastKnownFileType = sourcecode.c.h; path = "BitMe-Prefix.pch"; sourceTree = "<group>"; };
		0399F55C17DADDE4006CB8E9 /* BMAppDelegate.h */ = {isa = PBXFileReference; lastKnownFileType = sourcecode.c.h; path = BMAppDelegate.h; sourceTree = "<group>"; };
		0399F55D17DADDE4006CB8E9 /* BMAppDelegate.m */ = {isa = PBXFileReference; lastKnownFileType = sourcecode.c.objc; path = BMAppDelegate.m; sourceTree = "<group>"; };
		0399F55F17DADDE4006CB8E9 /* Default.png */ = {isa = PBXFileReference; lastKnownFileType = image.png; path = Default.png; sourceTree = "<group>"; };
		0399F56117DADDE4006CB8E9 /* Default@2x.png */ = {isa = PBXFileReference; lastKnownFileType = image.png; path = "Default@2x.png"; sourceTree = "<group>"; };
		0399F56317DADDE4006CB8E9 /* Default-568h@2x.png */ = {isa = PBXFileReference; lastKnownFileType = image.png; path = "Default-568h@2x.png"; sourceTree = "<group>"; };
		0399F56617DADDE4006CB8E9 /* en */ = {isa = PBXFileReference; lastKnownFileType = file.storyboard; name = en; path = en.lproj/MainStoryboard.storyboard; sourceTree = "<group>"; };
		0399F56817DADDE4006CB8E9 /* BMViewController.h */ = {isa = PBXFileReference; lastKnownFileType = sourcecode.c.h; path = BMViewController.h; sourceTree = "<group>"; };
		0399F56917DADDE4006CB8E9 /* BMViewController.m */ = {isa = PBXFileReference; lastKnownFileType = sourcecode.c.objc; path = BMViewController.m; sourceTree = "<group>"; };
		0399F57017DADDEF006CB8E9 /* Firebase.framework */ = {isa = PBXFileReference; lastKnownFileType = wrapper.framework; path = Firebase.framework; sourceTree = "<group>"; };
		0399F57317DADE96006CB8E9 /* BMLoginViewController.h */ = {isa = PBXFileReference; fileEncoding = 4; lastKnownFileType = sourcecode.c.h; path = BMLoginViewController.h; sourceTree = "<group>"; };
		0399F57417DADE96006CB8E9 /* BMLoginViewController.m */ = {isa = PBXFileReference; fileEncoding = 4; lastKnownFileType = sourcecode.c.objc; path = BMLoginViewController.m; sourceTree = "<group>"; };
		0399F57617DADF0B006CB8E9 /* libicucore.dylib */ = {isa = PBXFileReference; lastKnownFileType = "compiled.mach-o.dylib"; name = libicucore.dylib; path = usr/lib/libicucore.dylib; sourceTree = SDKROOT; };
		0399F57817DADF12006CB8E9 /* CFNetwork.framework */ = {isa = PBXFileReference; lastKnownFileType = wrapper.framework; name = CFNetwork.framework; path = System/Library/Frameworks/CFNetwork.framework; sourceTree = SDKROOT; };
		0399F57A17DADF16006CB8E9 /* Security.framework */ = {isa = PBXFileReference; lastKnownFileType = wrapper.framework; name = Security.framework; path = System/Library/Frameworks/Security.framework; sourceTree = SDKROOT; };
		0399F57D17DAE0C6006CB8E9 /* BMSignUpViewController.h */ = {isa = PBXFileReference; fileEncoding = 4; lastKnownFileType = sourcecode.c.h; path = BMSignUpViewController.h; sourceTree = "<group>"; };
		0399F57E17DAE0C6006CB8E9 /* BMSignUpViewController.m */ = {isa = PBXFileReference; fileEncoding = 4; lastKnownFileType = sourcecode.c.objc; path = BMSignUpViewController.m; sourceTree = "<group>"; };
		0399F58017DAE272006CB8E9 /* FirebaseSimpleLogin.framework */ = {isa = PBXFileReference; lastKnownFileType = wrapper.framework; path = FirebaseSimpleLogin.framework; sourceTree = "<group>"; };
		0399F58217DAE27B006CB8E9 /* Social.framework */ = {isa = PBXFileReference; lastKnownFileType = wrapper.framework; name = Social.framework; path = System/Library/Frameworks/Social.framework; sourceTree = SDKROOT; };
		0399F58417DAE281006CB8E9 /* Accounts.framework */ = {isa = PBXFileReference; lastKnownFileType = wrapper.framework; name = Accounts.framework; path = System/Library/Frameworks/Accounts.framework; sourceTree = SDKROOT; };
		0399F58717DAE43D006CB8E9 /* BMMainViewController.h */ = {isa = PBXFileReference; fileEncoding = 4; lastKnownFileType = sourcecode.c.h; path = BMMainViewController.h; sourceTree = "<group>"; };
		0399F58817DAE43D006CB8E9 /* BMMainViewController.m */ = {isa = PBXFileReference; fileEncoding = 4; lastKnownFileType = sourcecode.c.objc; path = BMMainViewController.m; sourceTree = "<group>"; };
/* End PBXFileReference section */

/* Begin PBXFrameworksBuildPhase section */
		0399F54717DADDE4006CB8E9 /* Frameworks */ = {
			isa = PBXFrameworksBuildPhase;
			buildActionMask = 2147483647;
			files = (
				0399F58517DAE281006CB8E9 /* Accounts.framework in Frameworks */,
				0399F58317DAE27B006CB8E9 /* Social.framework in Frameworks */,
				0399F55017DADDE4006CB8E9 /* Foundation.framework in Frameworks */,
				0399F57B17DADF16006CB8E9 /* Security.framework in Frameworks */,
				0399F57917DADF12006CB8E9 /* CFNetwork.framework in Frameworks */,
				0399F57717DADF0B006CB8E9 /* libicucore.dylib in Frameworks */,
				0399F54E17DADDE4006CB8E9 /* UIKit.framework in Frameworks */,
				0399F55217DADDE4006CB8E9 /* CoreGraphics.framework in Frameworks */,
				0399F57117DADDEF006CB8E9 /* Firebase.framework in Frameworks */,
				0399F58117DAE272006CB8E9 /* FirebaseSimpleLogin.framework in Frameworks */,
			);
			runOnlyForDeploymentPostprocessing = 0;
		};
/* End PBXFrameworksBuildPhase section */

/* Begin PBXGroup section */
		0399F54117DADDE4006CB8E9 = {
			isa = PBXGroup;
			children = (
				0399F55317DADDE4006CB8E9 /* BitMe */,
				0399F54C17DADDE4006CB8E9 /* Frameworks */,
				0399F54B17DADDE4006CB8E9 /* Products */,
			);
			sourceTree = "<group>";
		};
		0399F54B17DADDE4006CB8E9 /* Products */ = {
			isa = PBXGroup;
			children = (
				0399F54A17DADDE4006CB8E9 /* BitMe.app */,
			);
			name = Products;
			sourceTree = "<group>";
		};
		0399F54C17DADDE4006CB8E9 /* Frameworks */ = {
			isa = PBXGroup;
			children = (
				0399F58417DAE281006CB8E9 /* Accounts.framework */,
				0399F58217DAE27B006CB8E9 /* Social.framework */,
				0399F58017DAE272006CB8E9 /* FirebaseSimpleLogin.framework */,
				0399F57A17DADF16006CB8E9 /* Security.framework */,
				0399F57817DADF12006CB8E9 /* CFNetwork.framework */,
				0399F57617DADF0B006CB8E9 /* libicucore.dylib */,
				0399F57017DADDEF006CB8E9 /* Firebase.framework */,
				0399F54D17DADDE4006CB8E9 /* UIKit.framework */,
				0399F54F17DADDE4006CB8E9 /* Foundation.framework */,
				0399F55117DADDE4006CB8E9 /* CoreGraphics.framework */,
			);
			name = Frameworks;
			sourceTree = "<group>";
		};
		0399F55317DADDE4006CB8E9 /* BitMe */ = {
			isa = PBXGroup;
			children = (
				0399F58617DAE3E3006CB8E9 /* Views */,
				0399F57C17DAE0B4006CB8E9 /* SignUp */,
				0399F57217DADE7A006CB8E9 /* Login */,
				0399F55C17DADDE4006CB8E9 /* BMAppDelegate.h */,
				0399F55D17DADDE4006CB8E9 /* BMAppDelegate.m */,
				0399F56517DADDE4006CB8E9 /* MainStoryboard.storyboard */,
				0399F56817DADDE4006CB8E9 /* BMViewController.h */,
				0399F56917DADDE4006CB8E9 /* BMViewController.m */,
				0399F55417DADDE4006CB8E9 /* Supporting Files */,
			);
			path = BitMe;
			sourceTree = "<group>";
		};
		0399F55417DADDE4006CB8E9 /* Supporting Files */ = {
			isa = PBXGroup;
			children = (
				0399F55517DADDE4006CB8E9 /* BitMe-Info.plist */,
				0399F55617DADDE4006CB8E9 /* InfoPlist.strings */,
				0399F55917DADDE4006CB8E9 /* main.m */,
				0399F55B17DADDE4006CB8E9 /* BitMe-Prefix.pch */,
				0399F55F17DADDE4006CB8E9 /* Default.png */,
				0399F56117DADDE4006CB8E9 /* Default@2x.png */,
				0399F56317DADDE4006CB8E9 /* Default-568h@2x.png */,
			);
			name = "Supporting Files";
			sourceTree = "<group>";
		};
		0399F57217DADE7A006CB8E9 /* Login */ = {
			isa = PBXGroup;
			children = (
				0399F57317DADE96006CB8E9 /* BMLoginViewController.h */,
				0399F57417DADE96006CB8E9 /* BMLoginViewController.m */,
			);
			name = Login;
			sourceTree = "<group>";
		};
		0399F57C17DAE0B4006CB8E9 /* SignUp */ = {
			isa = PBXGroup;
			children = (
				0399F57D17DAE0C6006CB8E9 /* BMSignUpViewController.h */,
				0399F57E17DAE0C6006CB8E9 /* BMSignUpViewController.m */,
			);
			name = SignUp;
			sourceTree = "<group>";
		};
		0399F58617DAE3E3006CB8E9 /* Views */ = {
			isa = PBXGroup;
			children = (
				0399F58717DAE43D006CB8E9 /* BMMainViewController.h */,
				0399F58817DAE43D006CB8E9 /* BMMainViewController.m */,
			);
			name = Views;
			sourceTree = "<group>";
		};
/* End PBXGroup section */

/* Begin PBXNativeTarget section */
		0399F54917DADDE4006CB8E9 /* BitMe */ = {
			isa = PBXNativeTarget;
			buildConfigurationList = 0399F56D17DADDE4006CB8E9 /* Build configuration list for PBXNativeTarget "BitMe" */;
			buildPhases = (
				0399F54617DADDE4006CB8E9 /* Sources */,
				0399F54717DADDE4006CB8E9 /* Frameworks */,
				0399F54817DADDE4006CB8E9 /* Resources */,
			);
			buildRules = (
			);
			dependencies = (
			);
			name = BitMe;
			productName = BitMe;
			productReference = 0399F54A17DADDE4006CB8E9 /* BitMe.app */;
			productType = "com.apple.product-type.application";
		};
/* End PBXNativeTarget section */

/* Begin PBXProject section */
		0399F54217DADDE4006CB8E9 /* Project object */ = {
			isa = PBXProject;
			attributes = {
				CLASSPREFIX = BM;
				LastUpgradeCheck = 0460;
			};
			buildConfigurationList = 0399F54517DADDE4006CB8E9 /* Build configuration list for PBXProject "BitMe" */;
			compatibilityVersion = "Xcode 3.2";
			developmentRegion = English;
			hasScannedForEncodings = 0;
			knownRegions = (
				en,
			);
			mainGroup = 0399F54117DADDE4006CB8E9;
			productRefGroup = 0399F54B17DADDE4006CB8E9 /* Products */;
			projectDirPath = "";
			projectRoot = "";
			targets = (
				0399F54917DADDE4006CB8E9 /* BitMe */,
			);
		};
/* End PBXProject section */

/* Begin PBXResourcesBuildPhase section */
		0399F54817DADDE4006CB8E9 /* Resources */ = {
			isa = PBXResourcesBuildPhase;
			buildActionMask = 2147483647;
			files = (
				0399F55817DADDE4006CB8E9 /* InfoPlist.strings in Resources */,
				0399F56017DADDE4006CB8E9 /* Default.png in Resources */,
				0399F56217DADDE4006CB8E9 /* Default@2x.png in Resources */,
				0399F56417DADDE4006CB8E9 /* Default-568h@2x.png in Resources */,
				0399F56717DADDE4006CB8E9 /* MainStoryboard.storyboard in Resources */,
			);
			runOnlyForDeploymentPostprocessing = 0;
		};
/* End PBXResourcesBuildPhase section */

/* Begin PBXSourcesBuildPhase section */
		0399F54617DADDE4006CB8E9 /* Sources */ = {
			isa = PBXSourcesBuildPhase;
			buildActionMask = 2147483647;
			files = (
				0399F55A17DADDE4006CB8E9 /* main.m in Sources */,
				0399F55E17DADDE4006CB8E9 /* BMAppDelegate.m in Sources */,
				0399F56A17DADDE4006CB8E9 /* BMViewController.m in Sources */,
				0399F57517DADE96006CB8E9 /* BMLoginViewController.m in Sources */,
				0399F57F17DAE0C6006CB8E9 /* BMSignUpViewController.m in Sources */,
				0399F58917DAE43D006CB8E9 /* BMMainViewController.m in Sources */,
			);
			runOnlyForDeploymentPostprocessing = 0;
		};
/* End PBXSourcesBuildPhase section */

/* Begin PBXVariantGroup section */
		0399F55617DADDE4006CB8E9 /* InfoPlist.strings */ = {
			isa = PBXVariantGroup;
			children = (
				0399F55717DADDE4006CB8E9 /* en */,
			);
			name = InfoPlist.strings;
			sourceTree = "<group>";
		};
		0399F56517DADDE4006CB8E9 /* MainStoryboard.storyboard */ = {
			isa = PBXVariantGroup;
			children = (
				0399F56617DADDE4006CB8E9 /* en */,
			);
			name = MainStoryboard.storyboard;
			sourceTree = "<group>";
		};
/* End PBXVariantGroup section */

/* Begin XCBuildConfiguration section */
		0399F56B17DADDE4006CB8E9 /* Debug */ = {
			isa = XCBuildConfiguration;
			buildSettings = {
				ALWAYS_SEARCH_USER_PATHS = NO;
				CLANG_CXX_LANGUAGE_STANDARD = "gnu++0x";
				CLANG_CXX_LIBRARY = "libc++";
				CLANG_ENABLE_OBJC_ARC = YES;
				CLANG_WARN_CONSTANT_CONVERSION = YES;
				CLANG_WARN_EMPTY_BODY = YES;
				CLANG_WARN_ENUM_CONVERSION = YES;
				CLANG_WARN_INT_CONVERSION = YES;
				CLANG_WARN__DUPLICATE_METHOD_MATCH = YES;
				"CODE_SIGN_IDENTITY[sdk=iphoneos*]" = "iPhone Developer";
				COPY_PHASE_STRIP = NO;
				GCC_C_LANGUAGE_STANDARD = gnu99;
				GCC_DYNAMIC_NO_PIC = NO;
				GCC_OPTIMIZATION_LEVEL = 0;
				GCC_PREPROCESSOR_DEFINITIONS = (
					"DEBUG=1",
					"$(inherited)",
				);
				GCC_SYMBOLS_PRIVATE_EXTERN = NO;
				GCC_WARN_ABOUT_RETURN_TYPE = YES;
				GCC_WARN_UNINITIALIZED_AUTOS = YES;
				GCC_WARN_UNUSED_VARIABLE = YES;
				IPHONEOS_DEPLOYMENT_TARGET = 6.1;
				ONLY_ACTIVE_ARCH = YES;
				SDKROOT = iphoneos;
			};
			name = Debug;
		};
		0399F56C17DADDE4006CB8E9 /* Release */ = {
			isa = XCBuildConfiguration;
			buildSettings = {
				ALWAYS_SEARCH_USER_PATHS = NO;
				CLANG_CXX_LANGUAGE_STANDARD = "gnu++0x";
				CLANG_CXX_LIBRARY = "libc++";
				CLANG_ENABLE_OBJC_ARC = YES;
				CLANG_WARN_CONSTANT_CONVERSION = YES;
				CLANG_WARN_EMPTY_BODY = YES;
				CLANG_WARN_ENUM_CONVERSION = YES;
				CLANG_WARN_INT_CONVERSION = YES;
				CLANG_WARN__DUPLICATE_METHOD_MATCH = YES;
				"CODE_SIGN_IDENTITY[sdk=iphoneos*]" = "iPhone Developer";
				COPY_PHASE_STRIP = YES;
				GCC_C_LANGUAGE_STANDARD = gnu99;
				GCC_WARN_ABOUT_RETURN_TYPE = YES;
				GCC_WARN_UNINITIALIZED_AUTOS = YES;
				GCC_WARN_UNUSED_VARIABLE = YES;
				IPHONEOS_DEPLOYMENT_TARGET = 6.1;
				OTHER_CFLAGS = "-DNS_BLOCK_ASSERTIONS=1";
				SDKROOT = iphoneos;
				VALIDATE_PRODUCT = YES;
			};
			name = Release;
		};
		0399F56E17DADDE4006CB8E9 /* Debug */ = {
			isa = XCBuildConfiguration;
			buildSettings = {
				FRAMEWORK_SEARCH_PATHS = (
					"$(inherited)",
					"\"$(SRCROOT)\"",
				);
				GCC_PRECOMPILE_PREFIX_HEADER = YES;
				GCC_PREFIX_HEADER = "BitMe/BitMe-Prefix.pch";
				INFOPLIST_FILE = "BitMe/BitMe-Info.plist";
				OTHER_LDFLAGS = "-ObjC";
				PRODUCT_NAME = "$(TARGET_NAME)";
				WRAPPER_EXTENSION = app;
			};
			name = Debug;
		};
		0399F56F17DADDE4006CB8E9 /* Release */ = {
			isa = XCBuildConfiguration;
			buildSettings = {
				FRAMEWORK_SEARCH_PATHS = (
					"$(inherited)",
					"\"$(SRCROOT)\"",
				);
				GCC_PRECOMPILE_PREFIX_HEADER = YES;
				GCC_PREFIX_HEADER = "BitMe/BitMe-Prefix.pch";
				INFOPLIST_FILE = "BitMe/BitMe-Info.plist";
				OTHER_LDFLAGS = "-ObjC";
				PRODUCT_NAME = "$(TARGET_NAME)";
				WRAPPER_EXTENSION = app;
			};
			name = Release;
		};
/* End XCBuildConfiguration section */

/* Begin XCConfigurationList section */
		0399F54517DADDE4006CB8E9 /* Build configuration list for PBXProject "BitMe" */ = {
			isa = XCConfigurationList;
			buildConfigurations = (
				0399F56B17DADDE4006CB8E9 /* Debug */,
				0399F56C17DADDE4006CB8E9 /* Release */,
			);
			defaultConfigurationIsVisible = 0;
			defaultConfigurationName = Release;
		};
		0399F56D17DADDE4006CB8E9 /* Build configuration list for PBXNativeTarget "BitMe" */ = {
			isa = XCConfigurationList;
			buildConfigurations = (
				0399F56E17DADDE4006CB8E9 /* Debug */,
				0399F56F17DADDE4006CB8E9 /* Release */,
			);
			defaultConfigurationIsVisible = 0;
		};
/* End XCConfigurationList section */
	};
	rootObject = 0399F54217DADDE4006CB8E9 /* Project object */;
}
